
Microsoft Visual Studio Solution File, Format Version 12.00
# Visual Studio Version 17
VisualStudioVersion = 17.5.002.0
MinimumVisualStudioVersion = 10.0.40219.1
Project("{9A19103F-16F7-4668-BE54-9A1E7A4F7556}") = "Gym.API", "Gym.API\Gym.API.csproj", "{FDF1771C-953C-46D3-A280-8CB8217CD2C6}"
EndProject
Global
	GlobalSection(SolutionConfigurationPlatforms) = preSolution
		Debug|Any CPU = Debug|Any CPU
		Release|Any CPU = Release|Any CPU
	EndGlobalSection
	GlobalSection(ProjectConfigurationPlatforms) = postSolution
		{FDF1771C-953C-46D3-A280-8CB8217CD2C6}.Debug|Any CPU.ActiveCfg = Debug|Any CPU
		{FDF1771C-953C-46D3-A280-8CB8217CD2C6}.Debug|Any CPU.Build.0 = Debug|Any CPU
		{FDF1771C-953C-46D3-A280-8CB8217CD2C6}.Release|Any CPU.ActiveCfg = Release|Any CPU
		{FDF1771C-953C-46D3-A280-8CB8217CD2C6}.Release|Any CPU.Build.0 = Release|Any CPU
	EndGlobalSection
	GlobalSection(SolutionProperties) = preSolution
		HideSolutionNode = FALSE
	EndGlobalSection
	GlobalSection(ExtensibilityGlobals) = postSolution
		SolutionGuid = {0FB6EA14-5BE3-4957-AD4B-BA0E4053C5E9}
	EndGlobalSection
EndGlobal
